// !$*UTF8*$!
{
	archiveVersion = 1;
	classes = {
	};
	objectVersion = 56;
	objects = {

/* Begin PBXBuildFile section */
		D3054CAF29708C960088E0FD /* CollectionViewController.swift in Sources */ = {isa = PBXBuildFile; fileRef = D3054CAD29708C960088E0FD /* CollectionViewController.swift */; };
		D3054CB029708C960088E0FD /* CollectionViewController.xib in Resources */ = {isa = PBXBuildFile; fileRef = D3054CAE29708C960088E0FD /* CollectionViewController.xib */; };
		D3054CB4297090520088E0FD /* CollectionCell.swift in Sources */ = {isa = PBXBuildFile; fileRef = D3054CB2297090520088E0FD /* CollectionCell.swift */; };
		D3054CB5297090520088E0FD /* CollectionCell.xib in Resources */ = {isa = PBXBuildFile; fileRef = D3054CB3297090520088E0FD /* CollectionCell.xib */; };
		D354C927296453D40025BCC8 /* AppDelegate.swift in Sources */ = {isa = PBXBuildFile; fileRef = D354C926296453D40025BCC8 /* AppDelegate.swift */; };
		D354C929296453D40025BCC8 /* SceneDelegate.swift in Sources */ = {isa = PBXBuildFile; fileRef = D354C928296453D40025BCC8 /* SceneDelegate.swift */; };
		D354C930296453D50025BCC8 /* Assets.xcassets in Resources */ = {isa = PBXBuildFile; fileRef = D354C92F296453D50025BCC8 /* Assets.xcassets */; };
		D354C933296453D50025BCC8 /* LaunchScreen.storyboard in Resources */ = {isa = PBXBuildFile; fileRef = D354C931296453D50025BCC8 /* LaunchScreen.storyboard */; };
		D354C93E296453D50025BCC8 /* checkToolsTests.swift in Sources */ = {isa = PBXBuildFile; fileRef = D354C93D296453D50025BCC8 /* checkToolsTests.swift */; };
		D354C948296453D50025BCC8 /* checkToolsUITests.swift in Sources */ = {isa = PBXBuildFile; fileRef = D354C947296453D50025BCC8 /* checkToolsUITests.swift */; };
		D354C94A296453D50025BCC8 /* checkToolsUITestsLaunchTests.swift in Sources */ = {isa = PBXBuildFile; fileRef = D354C949296453D50025BCC8 /* checkToolsUITestsLaunchTests.swift */; };
		D354C95B2964549F0025BCC8 /* TableViewController.swift in Sources */ = {isa = PBXBuildFile; fileRef = D354C9592964549F0025BCC8 /* TableViewController.swift */; };
		D354C95C2964549F0025BCC8 /* TableViewController.xib in Resources */ = {isa = PBXBuildFile; fileRef = D354C95A2964549F0025BCC8 /* TableViewController.xib */; };
		D354C96029645C380025BCC8 /* TableViewCell.swift in Sources */ = {isa = PBXBuildFile; fileRef = D354C95E29645C380025BCC8 /* TableViewCell.swift */; };
		D354C96129645C380025BCC8 /* TableViewCell.xib in Resources */ = {isa = PBXBuildFile; fileRef = D354C95F29645C380025BCC8 /* TableViewCell.xib */; };
		D36FA1F029731D41001BA00C /* LoginViewController.swift in Sources */ = {isa = PBXBuildFile; fileRef = D36FA1EE29731D41001BA00C /* LoginViewController.swift */; };
		D36FA1F129731D41001BA00C /* LoginViewController.xib in Resources */ = {isa = PBXBuildFile; fileRef = D36FA1EF29731D41001BA00C /* LoginViewController.xib */; };
		D36FA1F42973239E001BA00C /* LocalDataLayer.swift in Sources */ = {isa = PBXBuildFile; fileRef = D36FA1F32973239E001BA00C /* LocalDataLayer.swift */; };
		D36FA1F6297323AF001BA00C /* NetworkLayer.swift in Sources */ = {isa = PBXBuildFile; fileRef = D36FA1F5297323AF001BA00C /* NetworkLayer.swift */; };
		D36FA1F929732B3B001BA00C /* Heroe.swift in Sources */ = {isa = PBXBuildFile; fileRef = D36FA1F829732B3B001BA00C /* Heroe.swift */; };
		D3EE31C2296DFF1D00EF5179 /* HomeTabBarController.swift in Sources */ = {isa = PBXBuildFile; fileRef = D3EE31C1296DFF1D00EF5179 /* HomeTabBarController.swift */; };
/* End PBXBuildFile section */

/* Begin PBXContainerItemProxy section */
		D354C93A296453D50025BCC8 /* PBXContainerItemProxy */ = {
			isa = PBXContainerItemProxy;
			containerPortal = D354C91B296453D40025BCC8 /* Project object */;
			proxyType = 1;
			remoteGlobalIDString = D354C922296453D40025BCC8;
			remoteInfo = checkTools;
		};
		D354C944296453D50025BCC8 /* PBXContainerItemProxy */ = {
			isa = PBXContainerItemProxy;
			containerPortal = D354C91B296453D40025BCC8 /* Project object */;
			proxyType = 1;
			remoteGlobalIDString = D354C922296453D40025BCC8;
			remoteInfo = checkTools;
		};
/* End PBXContainerItemProxy section */

/* Begin PBXFileReference section */
		D3054CAD29708C960088E0FD /* CollectionViewController.swift */ = {isa = PBXFileReference; lastKnownFileType = sourcecode.swift; path = CollectionViewController.swift; sourceTree = "<group>"; };
		D3054CAE29708C960088E0FD /* CollectionViewController.xib */ = {isa = PBXFileReference; lastKnownFileType = file.xib; path = CollectionViewController.xib; sourceTree = "<group>"; };
		D3054CB2297090520088E0FD /* CollectionCell.swift */ = {isa = PBXFileReference; lastKnownFileType = sourcecode.swift; path = CollectionCell.swift; sourceTree = "<group>"; };
		D3054CB3297090520088E0FD /* CollectionCell.xib */ = {isa = PBXFileReference; lastKnownFileType = file.xib; path = CollectionCell.xib; sourceTree = "<group>"; };
		D354C923296453D40025BCC8 /* checkTools.app */ = {isa = PBXFileReference; explicitFileType = wrapper.application; includeInIndex = 0; path = checkTools.app; sourceTree = BUILT_PRODUCTS_DIR; };
		D354C926296453D40025BCC8 /* AppDelegate.swift */ = {isa = PBXFileReference; lastKnownFileType = sourcecode.swift; path = AppDelegate.swift; sourceTree = "<group>"; };
		D354C928296453D40025BCC8 /* SceneDelegate.swift */ = {isa = PBXFileReference; lastKnownFileType = sourcecode.swift; path = SceneDelegate.swift; sourceTree = "<group>"; };
		D354C92F296453D50025BCC8 /* Assets.xcassets */ = {isa = PBXFileReference; lastKnownFileType = folder.assetcatalog; path = Assets.xcassets; sourceTree = "<group>"; };
		D354C932296453D50025BCC8 /* Base */ = {isa = PBXFileReference; lastKnownFileType = file.storyboard; name = Base; path = Base.lproj/LaunchScreen.storyboard; sourceTree = "<group>"; };
		D354C934296453D50025BCC8 /* Info.plist */ = {isa = PBXFileReference; lastKnownFileType = text.plist.xml; path = Info.plist; sourceTree = "<group>"; };
		D354C939296453D50025BCC8 /* checkToolsTests.xctest */ = {isa = PBXFileReference; explicitFileType = wrapper.cfbundle; includeInIndex = 0; path = checkToolsTests.xctest; sourceTree = BUILT_PRODUCTS_DIR; };
		D354C93D296453D50025BCC8 /* checkToolsTests.swift */ = {isa = PBXFileReference; lastKnownFileType = sourcecode.swift; path = checkToolsTests.swift; sourceTree = "<group>"; };
		D354C943296453D50025BCC8 /* checkToolsUITests.xctest */ = {isa = PBXFileReference; explicitFileType = wrapper.cfbundle; includeInIndex = 0; path = checkToolsUITests.xctest; sourceTree = BUILT_PRODUCTS_DIR; };
		D354C947296453D50025BCC8 /* checkToolsUITests.swift */ = {isa = PBXFileReference; lastKnownFileType = sourcecode.swift; path = checkToolsUITests.swift; sourceTree = "<group>"; };
		D354C949296453D50025BCC8 /* checkToolsUITestsLaunchTests.swift */ = {isa = PBXFileReference; lastKnownFileType = sourcecode.swift; path = checkToolsUITestsLaunchTests.swift; sourceTree = "<group>"; };
		D354C9592964549F0025BCC8 /* TableViewController.swift */ = {isa = PBXFileReference; lastKnownFileType = sourcecode.swift; path = TableViewController.swift; sourceTree = "<group>"; };
		D354C95A2964549F0025BCC8 /* TableViewController.xib */ = {isa = PBXFileReference; lastKnownFileType = file.xib; path = TableViewController.xib; sourceTree = "<group>"; };
		D354C95E29645C380025BCC8 /* TableViewCell.swift */ = {isa = PBXFileReference; lastKnownFileType = sourcecode.swift; path = TableViewCell.swift; sourceTree = "<group>"; };
		D354C95F29645C380025BCC8 /* TableViewCell.xib */ = {isa = PBXFileReference; lastKnownFileType = file.xib; path = TableViewCell.xib; sourceTree = "<group>"; };
		D36FA1EE29731D41001BA00C /* LoginViewController.swift */ = {isa = PBXFileReference; lastKnownFileType = sourcecode.swift; path = LoginViewController.swift; sourceTree = "<group>"; };
		D36FA1EF29731D41001BA00C /* LoginViewController.xib */ = {isa = PBXFileReference; lastKnownFileType = file.xib; path = LoginViewController.xib; sourceTree = "<group>"; };
		D36FA1F32973239E001BA00C /* LocalDataLayer.swift */ = {isa = PBXFileReference; lastKnownFileType = sourcecode.swift; path = LocalDataLayer.swift; sourceTree = "<group>"; };
		D36FA1F5297323AF001BA00C /* NetworkLayer.swift */ = {isa = PBXFileReference; lastKnownFileType = sourcecode.swift; path = NetworkLayer.swift; sourceTree = "<group>"; };
		D36FA1F829732B3B001BA00C /* Heroe.swift */ = {isa = PBXFileReference; lastKnownFileType = sourcecode.swift; path = Heroe.swift; sourceTree = "<group>"; };
		D3EE31C1296DFF1D00EF5179 /* HomeTabBarController.swift */ = {isa = PBXFileReference; lastKnownFileType = sourcecode.swift; path = HomeTabBarController.swift; sourceTree = "<group>"; };
/* End PBXFileReference section */

/* Begin PBXFrameworksBuildPhase section */
		D354C920296453D40025BCC8 /* Frameworks */ = {
			isa = PBXFrameworksBuildPhase;
			buildActionMask = 2147483647;
			files = (
			);
			runOnlyForDeploymentPostprocessing = 0;
		};
		D354C936296453D50025BCC8 /* Frameworks */ = {
			isa = PBXFrameworksBuildPhase;
			buildActionMask = 2147483647;
			files = (
			);
			runOnlyForDeploymentPostprocessing = 0;
		};
		D354C940296453D50025BCC8 /* Frameworks */ = {
			isa = PBXFrameworksBuildPhase;
			buildActionMask = 2147483647;
			files = (
			);
			runOnlyForDeploymentPostprocessing = 0;
		};
/* End PBXFrameworksBuildPhase section */

/* Begin PBXGroup section */
		D3054CAC29708C670088E0FD /* CollectionView */ = {
			isa = PBXGroup;
			children = (
				D3054CB1297090240088E0FD /* CollectionCell */,
				D3054CAD29708C960088E0FD /* CollectionViewController.swift */,
				D3054CAE29708C960088E0FD /* CollectionViewController.xib */,
			);
			path = CollectionView;
			sourceTree = "<group>";
		};
		D3054CB1297090240088E0FD /* CollectionCell */ = {
			isa = PBXGroup;
			children = (
				D3054CB2297090520088E0FD /* CollectionCell.swift */,
				D3054CB3297090520088E0FD /* CollectionCell.xib */,
			);
			path = CollectionCell;
			sourceTree = "<group>";
		};
		D354C91A296453D40025BCC8 = {
			isa = PBXGroup;
			children = (
				D354C925296453D40025BCC8 /* checkTools */,
				D354C93C296453D50025BCC8 /* checkToolsTests */,
				D354C946296453D50025BCC8 /* checkToolsUITests */,
				D354C924296453D40025BCC8 /* Products */,
			);
			sourceTree = "<group>";
		};
		D354C924296453D40025BCC8 /* Products */ = {
			isa = PBXGroup;
			children = (
				D354C923296453D40025BCC8 /* checkTools.app */,
				D354C939296453D50025BCC8 /* checkToolsTests.xctest */,
				D354C943296453D50025BCC8 /* checkToolsUITests.xctest */,
			);
			name = Products;
			sourceTree = "<group>";
		};
		D354C925296453D40025BCC8 /* checkTools */ = {
			isa = PBXGroup;
			children = (
				D36FA1F72973286E001BA00C /* Models */,
				D36FA1F22973231C001BA00C /* Manager */,
				D354C957296454270025BCC8 /* App */,
				D354C956296453FC0025BCC8 /* UI */,
				D354C92F296453D50025BCC8 /* Assets.xcassets */,
				D354C931296453D50025BCC8 /* LaunchScreen.storyboard */,
				D354C934296453D50025BCC8 /* Info.plist */,
			);
			path = checkTools;
			sourceTree = "<group>";
		};
		D354C93C296453D50025BCC8 /* checkToolsTests */ = {
			isa = PBXGroup;
			children = (
				D354C93D296453D50025BCC8 /* checkToolsTests.swift */,
			);
			path = checkToolsTests;
			sourceTree = "<group>";
		};
		D354C946296453D50025BCC8 /* checkToolsUITests */ = {
			isa = PBXGroup;
			children = (
				D354C947296453D50025BCC8 /* checkToolsUITests.swift */,
				D354C949296453D50025BCC8 /* checkToolsUITestsLaunchTests.swift */,
			);
			path = checkToolsUITests;
			sourceTree = "<group>";
		};
		D354C956296453FC0025BCC8 /* UI */ = {
			isa = PBXGroup;
			children = (
				D3EE31C0296DFEE000EF5179 /* HomeTabBar */,
				D36FA1ED29731CF2001BA00C /* LoginView */,
				D354C958296454690025BCC8 /* TableView */,
				D3054CAC29708C670088E0FD /* CollectionView */,
			);
			path = UI;
			sourceTree = "<group>";
		};
		D354C957296454270025BCC8 /* App */ = {
			isa = PBXGroup;
			children = (
				D354C926296453D40025BCC8 /* AppDelegate.swift */,
				D354C928296453D40025BCC8 /* SceneDelegate.swift */,
			);
			path = App;
			sourceTree = "<group>";
		};
		D354C958296454690025BCC8 /* TableView */ = {
			isa = PBXGroup;
			children = (
				D354C95D29645C030025BCC8 /* TableCell */,
				D354C9592964549F0025BCC8 /* TableViewController.swift */,
				D354C95A2964549F0025BCC8 /* TableViewController.xib */,
			);
			path = TableView;
			sourceTree = "<group>";
		};
		D354C95D29645C030025BCC8 /* TableCell */ = {
			isa = PBXGroup;
			children = (
				D354C95E29645C380025BCC8 /* TableViewCell.swift */,
				D354C95F29645C380025BCC8 /* TableViewCell.xib */,
			);
			path = TableCell;
			sourceTree = "<group>";
		};
		D36FA1ED29731CF2001BA00C /* LoginView */ = {
			isa = PBXGroup;
			children = (
				D36FA1EE29731D41001BA00C /* LoginViewController.swift */,
				D36FA1EF29731D41001BA00C /* LoginViewController.xib */,
			);
			path = LoginView;
			sourceTree = "<group>";
		};
		D36FA1F22973231C001BA00C /* Manager */ = {
			isa = PBXGroup;
			children = (
				D36FA1F32973239E001BA00C /* LocalDataLayer.swift */,
				D36FA1F5297323AF001BA00C /* NetworkLayer.swift */,
			);
			path = Manager;
			sourceTree = "<group>";
		};
		D36FA1F72973286E001BA00C /* Models */ = {
			isa = PBXGroup;
			children = (
				D36FA1F829732B3B001BA00C /* Heroe.swift */,
			);
			path = Models;
			sourceTree = "<group>";
		};
		D3EE31C0296DFEE000EF5179 /* HomeTabBar */ = {
			isa = PBXGroup;
			children = (
				D3EE31C1296DFF1D00EF5179 /* HomeTabBarController.swift */,
			);
			path = HomeTabBar;
			sourceTree = "<group>";
		};
/* End PBXGroup section */

/* Begin PBXNativeTarget section */
		D354C922296453D40025BCC8 /* checkTools */ = {
			isa = PBXNativeTarget;
			buildConfigurationList = D354C94D296453D50025BCC8 /* Build configuration list for PBXNativeTarget "checkTools" */;
			buildPhases = (
				D354C91F296453D40025BCC8 /* Sources */,
				D354C920296453D40025BCC8 /* Frameworks */,
				D354C921296453D40025BCC8 /* Resources */,
			);
			buildRules = (
			);
			dependencies = (
			);
			name = checkTools;
			productName = checkTools;
			productReference = D354C923296453D40025BCC8 /* checkTools.app */;
			productType = "com.apple.product-type.application";
		};
		D354C938296453D50025BCC8 /* checkToolsTests */ = {
			isa = PBXNativeTarget;
			buildConfigurationList = D354C950296453D50025BCC8 /* Build configuration list for PBXNativeTarget "checkToolsTests" */;
			buildPhases = (
				D354C935296453D50025BCC8 /* Sources */,
				D354C936296453D50025BCC8 /* Frameworks */,
				D354C937296453D50025BCC8 /* Resources */,
			);
			buildRules = (
			);
			dependencies = (
				D354C93B296453D50025BCC8 /* PBXTargetDependency */,
			);
			name = checkToolsTests;
			productName = checkToolsTests;
			productReference = D354C939296453D50025BCC8 /* checkToolsTests.xctest */;
			productType = "com.apple.product-type.bundle.unit-test";
		};
		D354C942296453D50025BCC8 /* checkToolsUITests */ = {
			isa = PBXNativeTarget;
			buildConfigurationList = D354C953296453D50025BCC8 /* Build configuration list for PBXNativeTarget "checkToolsUITests" */;
			buildPhases = (
				D354C93F296453D50025BCC8 /* Sources */,
				D354C940296453D50025BCC8 /* Frameworks */,
				D354C941296453D50025BCC8 /* Resources */,
			);
			buildRules = (
			);
			dependencies = (
				D354C945296453D50025BCC8 /* PBXTargetDependency */,
			);
			name = checkToolsUITests;
			productName = checkToolsUITests;
			productReference = D354C943296453D50025BCC8 /* checkToolsUITests.xctest */;
			productType = "com.apple.product-type.bundle.ui-testing";
		};
/* End PBXNativeTarget section */

/* Begin PBXProject section */
		D354C91B296453D40025BCC8 /* Project object */ = {
			isa = PBXProject;
			attributes = {
				BuildIndependentTargetsInParallel = 1;
				LastSwiftUpdateCheck = 1420;
				LastUpgradeCheck = 1420;
				TargetAttributes = {
					D354C922296453D40025BCC8 = {
						CreatedOnToolsVersion = 14.2;
					};
					D354C938296453D50025BCC8 = {
						CreatedOnToolsVersion = 14.2;
						TestTargetID = D354C922296453D40025BCC8;
					};
					D354C942296453D50025BCC8 = {
						CreatedOnToolsVersion = 14.2;
						TestTargetID = D354C922296453D40025BCC8;
					};
				};
			};
			buildConfigurationList = D354C91E296453D40025BCC8 /* Build configuration list for PBXProject "checkTools" */;
			compatibilityVersion = "Xcode 14.0";
			developmentRegion = en;
			hasScannedForEncodings = 0;
			knownRegions = (
				en,
				Base,
			);
			mainGroup = D354C91A296453D40025BCC8;
			productRefGroup = D354C924296453D40025BCC8 /* Products */;
			projectDirPath = "";
			projectRoot = "";
			targets = (
				D354C922296453D40025BCC8 /* checkTools */,
				D354C938296453D50025BCC8 /* checkToolsTests */,
				D354C942296453D50025BCC8 /* checkToolsUITests */,
			);
		};
/* End PBXProject section */

/* Begin PBXResourcesBuildPhase section */
		D354C921296453D40025BCC8 /* Resources */ = {
			isa = PBXResourcesBuildPhase;
			buildActionMask = 2147483647;
			files = (
				D354C95C2964549F0025BCC8 /* TableViewController.xib in Resources */,
				D3054CB029708C960088E0FD /* CollectionViewController.xib in Resources */,
				D354C96129645C380025BCC8 /* TableViewCell.xib in Resources */,
				D3054CB5297090520088E0FD /* CollectionCell.xib in Resources */,
				D354C933296453D50025BCC8 /* LaunchScreen.storyboard in Resources */,
				D36FA1F129731D41001BA00C /* LoginViewController.xib in Resources */,
				D354C930296453D50025BCC8 /* Assets.xcassets in Resources */,
			);
			runOnlyForDeploymentPostprocessing = 0;
		};
		D354C937296453D50025BCC8 /* Resources */ = {
			isa = PBXResourcesBuildPhase;
			buildActionMask = 2147483647;
			files = (
			);
			runOnlyForDeploymentPostprocessing = 0;
		};
		D354C941296453D50025BCC8 /* Resources */ = {
			isa = PBXResourcesBuildPhase;
			buildActionMask = 2147483647;
			files = (
			);
			runOnlyForDeploymentPostprocessing = 0;
		};
/* End PBXResourcesBuildPhase section */

/* Begin PBXSourcesBuildPhase section */
		D354C91F296453D40025BCC8 /* Sources */ = {
			isa = PBXSourcesBuildPhase;
			buildActionMask = 2147483647;
			files = (
				D3054CAF29708C960088E0FD /* CollectionViewController.swift in Sources */,
				D36FA1F929732B3B001BA00C /* Heroe.swift in Sources */,
				D354C927296453D40025BCC8 /* AppDelegate.swift in Sources */,
				D354C96029645C380025BCC8 /* TableViewCell.swift in Sources */,
				D36FA1F42973239E001BA00C /* LocalDataLayer.swift in Sources */,
				D354C95B2964549F0025BCC8 /* TableViewController.swift in Sources */,
				D36FA1F029731D41001BA00C /* LoginViewController.swift in Sources */,
				D3054CB4297090520088E0FD /* CollectionCell.swift in Sources */,
				D354C929296453D40025BCC8 /* SceneDelegate.swift in Sources */,
				D36FA1F6297323AF001BA00C /* NetworkLayer.swift in Sources */,
				D3EE31C2296DFF1D00EF5179 /* HomeTabBarController.swift in Sources */,
			);
			runOnlyForDeploymentPostprocessing = 0;
		};
		D354C935296453D50025BCC8 /* Sources */ = {
			isa = PBXSourcesBuildPhase;
			buildActionMask = 2147483647;
			files = (
				D354C93E296453D50025BCC8 /* checkToolsTests.swift in Sources */,
			);
			runOnlyForDeploymentPostprocessing = 0;
		};
		D354C93F296453D50025BCC8 /* Sources */ = {
			isa = PBXSourcesBuildPhase;
			buildActionMask = 2147483647;
			files = (
				D354C948296453D50025BCC8 /* checkToolsUITests.swift in Sources */,
				D354C94A296453D50025BCC8 /* checkToolsUITestsLaunchTests.swift in Sources */,
			);
			runOnlyForDeploymentPostprocessing = 0;
		};
/* End PBXSourcesBuildPhase section */

/* Begin PBXTargetDependency section */
		D354C93B296453D50025BCC8 /* PBXTargetDependency */ = {
			isa = PBXTargetDependency;
			target = D354C922296453D40025BCC8 /* checkTools */;
			targetProxy = D354C93A296453D50025BCC8 /* PBXContainerItemProxy */;
		};
		D354C945296453D50025BCC8 /* PBXTargetDependency */ = {
			isa = PBXTargetDependency;
			target = D354C922296453D40025BCC8 /* checkTools */;
			targetProxy = D354C944296453D50025BCC8 /* PBXContainerItemProxy */;
		};
/* End PBXTargetDependency section */

/* Begin PBXVariantGroup section */
		D354C931296453D50025BCC8 /* LaunchScreen.storyboard */ = {
			isa = PBXVariantGroup;
			children = (
				D354C932296453D50025BCC8 /* Base */,
			);
			name = LaunchScreen.storyboard;
			sourceTree = "<group>";
		};
/* End PBXVariantGroup section */

/* Begin XCBuildConfiguration section */
		D354C94B296453D50025BCC8 /* Debug */ = {
			isa = XCBuildConfiguration;
			buildSettings = {
				ALWAYS_SEARCH_USER_PATHS = NO;
				CLANG_ANALYZER_NONNULL = YES;
				CLANG_ANALYZER_NUMBER_OBJECT_CONVERSION = YES_AGGRESSIVE;
				CLANG_CXX_LANGUAGE_STANDARD = "gnu++20";
				CLANG_ENABLE_MODULES = YES;
				CLANG_ENABLE_OBJC_ARC = YES;
				CLANG_ENABLE_OBJC_WEAK = YES;
				CLANG_WARN_BLOCK_CAPTURE_AUTORELEASING = YES;
				CLANG_WARN_BOOL_CONVERSION = YES;
				CLANG_WARN_COMMA = YES;
				CLANG_WARN_CONSTANT_CONVERSION = YES;
				CLANG_WARN_DEPRECATED_OBJC_IMPLEMENTATIONS = YES;
				CLANG_WARN_DIRECT_OBJC_ISA_USAGE = YES_ERROR;
				CLANG_WARN_DOCUMENTATION_COMMENTS = YES;
				CLANG_WARN_EMPTY_BODY = YES;
				CLANG_WARN_ENUM_CONVERSION = YES;
				CLANG_WARN_INFINITE_RECURSION = YES;
				CLANG_WARN_INT_CONVERSION = YES;
				CLANG_WARN_NON_LITERAL_NULL_CONVERSION = YES;
				CLANG_WARN_OBJC_IMPLICIT_RETAIN_SELF = YES;
				CLANG_WARN_OBJC_LITERAL_CONVERSION = YES;
				CLANG_WARN_OBJC_ROOT_CLASS = YES_ERROR;
				CLANG_WARN_QUOTED_INCLUDE_IN_FRAMEWORK_HEADER = YES;
				CLANG_WARN_RANGE_LOOP_ANALYSIS = YES;
				CLANG_WARN_STRICT_PROTOTYPES = YES;
				CLANG_WARN_SUSPICIOUS_MOVE = YES;
				CLANG_WARN_UNGUARDED_AVAILABILITY = YES_AGGRESSIVE;
				CLANG_WARN_UNREACHABLE_CODE = YES;
				CLANG_WARN__DUPLICATE_METHOD_MATCH = YES;
				COPY_PHASE_STRIP = NO;
				DEBUG_INFORMATION_FORMAT = dwarf;
				ENABLE_STRICT_OBJC_MSGSEND = YES;
				ENABLE_TESTABILITY = YES;
				GCC_C_LANGUAGE_STANDARD = gnu11;
				GCC_DYNAMIC_NO_PIC = NO;
				GCC_NO_COMMON_BLOCKS = YES;
				GCC_OPTIMIZATION_LEVEL = 0;
				GCC_PREPROCESSOR_DEFINITIONS = (
					"DEBUG=1",
					"$(inherited)",
				);
				GCC_WARN_64_TO_32_BIT_CONVERSION = YES;
				GCC_WARN_ABOUT_RETURN_TYPE = YES_ERROR;
				GCC_WARN_UNDECLARED_SELECTOR = YES;
				GCC_WARN_UNINITIALIZED_AUTOS = YES_AGGRESSIVE;
				GCC_WARN_UNUSED_FUNCTION = YES;
				GCC_WARN_UNUSED_VARIABLE = YES;
				IPHONEOS_DEPLOYMENT_TARGET = 16.2;
				MTL_ENABLE_DEBUG_INFO = INCLUDE_SOURCE;
				MTL_FAST_MATH = YES;
				ONLY_ACTIVE_ARCH = YES;
				SDKROOT = iphoneos;
				SWIFT_ACTIVE_COMPILATION_CONDITIONS = DEBUG;
				SWIFT_OPTIMIZATION_LEVEL = "-Onone";
			};
			name = Debug;
		};
		D354C94C296453D50025BCC8 /* Release */ = {
			isa = XCBuildConfiguration;
			buildSettings = {
				ALWAYS_SEARCH_USER_PATHS = NO;
				CLANG_ANALYZER_NONNULL = YES;
				CLANG_ANALYZER_NUMBER_OBJECT_CONVERSION = YES_AGGRESSIVE;
				CLANG_CXX_LANGUAGE_STANDARD = "gnu++20";
				CLANG_ENABLE_MODULES = YES;
				CLANG_ENABLE_OBJC_ARC = YES;
				CLANG_ENABLE_OBJC_WEAK = YES;
				CLANG_WARN_BLOCK_CAPTURE_AUTORELEASING = YES;
				CLANG_WARN_BOOL_CONVERSION = YES;
				CLANG_WARN_COMMA = YES;
				CLANG_WARN_CONSTANT_CONVERSION = YES;
				CLANG_WARN_DEPRECATED_OBJC_IMPLEMENTATIONS = YES;
				CLANG_WARN_DIRECT_OBJC_ISA_USAGE = YES_ERROR;
				CLANG_WARN_DOCUMENTATION_COMMENTS = YES;
				CLANG_WARN_EMPTY_BODY = YES;
				CLANG_WARN_ENUM_CONVERSION = YES;
				CLANG_WARN_INFINITE_RECURSION = YES;
				CLANG_WARN_INT_CONVERSION = YES;
				CLANG_WARN_NON_LITERAL_NULL_CONVERSION = YES;
				CLANG_WARN_OBJC_IMPLICIT_RETAIN_SELF = YES;
				CLANG_WARN_OBJC_LITERAL_CONVERSION = YES;
				CLANG_WARN_OBJC_ROOT_CLASS = YES_ERROR;
				CLANG_WARN_QUOTED_INCLUDE_IN_FRAMEWORK_HEADER = YES;
				CLANG_WARN_RANGE_LOOP_ANALYSIS = YES;
				CLANG_WARN_STRICT_PROTOTYPES = YES;
				CLANG_WARN_SUSPICIOUS_MOVE = YES;
				CLANG_WARN_UNGUARDED_AVAILABILITY = YES_AGGRESSIVE;
				CLANG_WARN_UNREACHABLE_CODE = YES;
				CLANG_WARN__DUPLICATE_METHOD_MATCH = YES;
				COPY_PHASE_STRIP = NO;
				DEBUG_INFORMATION_FORMAT = "dwarf-with-dsym";
				ENABLE_NS_ASSERTIONS = NO;
				ENABLE_STRICT_OBJC_MSGSEND = YES;
				GCC_C_LANGUAGE_STANDARD = gnu11;
				GCC_NO_COMMON_BLOCKS = YES;
				GCC_WARN_64_TO_32_BIT_CONVERSION = YES;
				GCC_WARN_ABOUT_RETURN_TYPE = YES_ERROR;
				GCC_WARN_UNDECLARED_SELECTOR = YES;
				GCC_WARN_UNINITIALIZED_AUTOS = YES_AGGRESSIVE;
				GCC_WARN_UNUSED_FUNCTION = YES;
				GCC_WARN_UNUSED_VARIABLE = YES;
				IPHONEOS_DEPLOYMENT_TARGET = 16.2;
				MTL_ENABLE_DEBUG_INFO = NO;
				MTL_FAST_MATH = YES;
				SDKROOT = iphoneos;
				SWIFT_COMPILATION_MODE = wholemodule;
				SWIFT_OPTIMIZATION_LEVEL = "-O";
				VALIDATE_PRODUCT = YES;
			};
			name = Release;
		};
		D354C94E296453D50025BCC8 /* Debug */ = {
			isa = XCBuildConfiguration;
			buildSettings = {
				ASSETCATALOG_COMPILER_APPICON_NAME = AppIcon;
				ASSETCATALOG_COMPILER_GLOBAL_ACCENT_COLOR_NAME = AccentColor;
				CODE_SIGN_STYLE = Automatic;
				CURRENT_PROJECT_VERSION = 1;
				GENERATE_INFOPLIST_FILE = YES;
				INFOPLIST_FILE = checkTools/Info.plist;
				INFOPLIST_KEY_UIApplicationSupportsIndirectInputEvents = YES;
				INFOPLIST_KEY_UILaunchStoryboardName = LaunchScreen;
				INFOPLIST_KEY_UISupportedInterfaceOrientations_iPad = "UIInterfaceOrientationPortrait UIInterfaceOrientationPortraitUpsideDown UIInterfaceOrientationLandscapeLeft UIInterfaceOrientationLandscapeRight";
				INFOPLIST_KEY_UISupportedInterfaceOrientations_iPhone = "UIInterfaceOrientationPortrait UIInterfaceOrientationLandscapeLeft UIInterfaceOrientationLandscapeRight";
				LD_RUNPATH_SEARCH_PATHS = (
					"$(inherited)",
					"@executable_path/Frameworks",
				);
				MARKETING_VERSION = 1.0;
				PRODUCT_BUNDLE_IDENTIFIER = markelJM.checkTools;
				PRODUCT_NAME = "$(TARGET_NAME)";
				SWIFT_EMIT_LOC_STRINGS = YES;
				SWIFT_VERSION = 5.0;
				TARGETED_DEVICE_FAMILY = "1,2";
			};
			name = Debug;
		};
		D354C94F296453D50025BCC8 /* Release */ = {
			isa = XCBuildConfiguration;
			buildSettings = {
				ASSETCATALOG_COMPILER_APPICON_NAME = AppIcon;
				ASSETCATALOG_COMPILER_GLOBAL_ACCENT_COLOR_NAME = AccentColor;
				CODE_SIGN_STYLE = Automatic;
				CURRENT_PROJECT_VERSION = 1;
				GENERATE_INFOPLIST_FILE = YES;
				INFOPLIST_FILE = checkTools/Info.plist;
				INFOPLIST_KEY_UIApplicationSupportsIndirectInputEvents = YES;
				INFOPLIST_KEY_UILaunchStoryboardName = LaunchScreen;
				INFOPLIST_KEY_UISupportedInterfaceOrientations_iPad = "UIInterfaceOrientationPortrait UIInterfaceOrientationPortraitUpsideDown UIInterfaceOrientationLandscapeLeft UIInterfaceOrientationLandscapeRight";
				INFOPLIST_KEY_UISupportedInterfaceOrientations_iPhone = "UIInterfaceOrientationPortrait UIInterfaceOrientationLandscapeLeft UIInterfaceOrientationLandscapeRight";
				LD_RUNPATH_SEARCH_PATHS = (
					"$(inherited)",
					"@executable_path/Frameworks",
				);
				MARKETING_VERSION = 1.0;
				PRODUCT_BUNDLE_IDENTIFIER = markelJM.checkTools;
				PRODUCT_NAME = "$(TARGET_NAME)";
				SWIFT_EMIT_LOC_STRINGS = YES;
				SWIFT_VERSION = 5.0;
				TARGETED_DEVICE_FAMILY = "1,2";
			};
			name = Release;
		};
		D354C951296453D50025BCC8 /* Debug */ = {
			isa = XCBuildConfiguration;
			buildSettings = {
				ALWAYS_EMBED_SWIFT_STANDARD_LIBRARIES = YES;
				BUNDLE_LOADER = "$(TEST_HOST)";
				CODE_SIGN_STYLE = Automatic;
				CURRENT_PROJECT_VERSION = 1;
				GENERATE_INFOPLIST_FILE = YES;
				IPHONEOS_DEPLOYMENT_TARGET = 16.2;
				MARKETING_VERSION = 1.0;
				PRODUCT_BUNDLE_IDENTIFIER = markelJM.checkToolsTests;
				PRODUCT_NAME = "$(TARGET_NAME)";
				SWIFT_EMIT_LOC_STRINGS = NO;
				SWIFT_VERSION = 5.0;
				TARGETED_DEVICE_FAMILY = "1,2";
				TEST_HOST = "$(BUILT_PRODUCTS_DIR)/checkTools.app/$(BUNDLE_EXECUTABLE_FOLDER_PATH)/checkTools";
			};
			name = Debug;
		};
		D354C952296453D50025BCC8 /* Release */ = {
			isa = XCBuildConfiguration;
			buildSettings = {
				ALWAYS_EMBED_SWIFT_STANDARD_LIBRARIES = YES;
				BUNDLE_LOADER = "$(TEST_HOST)";
				CODE_SIGN_STYLE = Automatic;
				CURRENT_PROJECT_VERSION = 1;
				GENERATE_INFOPLIST_FILE = YES;
				IPHONEOS_DEPLOYMENT_TARGET = 16.2;
				MARKETING_VERSION = 1.0;
				PRODUCT_BUNDLE_IDENTIFIER = markelJM.checkToolsTests;
				PRODUCT_NAME = "$(TARGET_NAME)";
				SWIFT_EMIT_LOC_STRINGS = NO;
				SWIFT_VERSION = 5.0;
				TARGETED_DEVICE_FAMILY = "1,2";
				TEST_HOST = "$(BUILT_PRODUCTS_DIR)/checkTools.app/$(BUNDLE_EXECUTABLE_FOLDER_PATH)/checkTools";
			};
			name = Release;
		};
		D354C954296453D50025BCC8 /* Debug */ = {
			isa = XCBuildConfiguration;
			buildSettings = {
				ALWAYS_EMBED_SWIFT_STANDARD_LIBRARIES = YES;
				CODE_SIGN_STYLE = Automatic;
				CURRENT_PROJECT_VERSION = 1;
				GENERATE_INFOPLIST_FILE = YES;
				MARKETING_VERSION = 1.0;
				PRODUCT_BUNDLE_IDENTIFIER = markelJM.checkToolsUITests;
				PRODUCT_NAME = "$(TARGET_NAME)";
				SWIFT_EMIT_LOC_STRINGS = NO;
				SWIFT_VERSION = 5.0;
				TARGETED_DEVICE_FAMILY = "1,2";
				TEST_TARGET_NAME = checkTools;
			};
			name = Debug;
		};
		D354C955296453D50025BCC8 /* Release */ = {
			isa = XCBuildConfiguration;
			buildSettings = {
				ALWAYS_EMBED_SWIFT_STANDARD_LIBRARIES = YES;
				CODE_SIGN_STYLE = Automatic;
				CURRENT_PROJECT_VERSION = 1;
				GENERATE_INFOPLIST_FILE = YES;
				MARKETING_VERSION = 1.0;
				PRODUCT_BUNDLE_IDENTIFIER = markelJM.checkToolsUITests;
				PRODUCT_NAME = "$(TARGET_NAME)";
				SWIFT_EMIT_LOC_STRINGS = NO;
				SWIFT_VERSION = 5.0;
				TARGETED_DEVICE_FAMILY = "1,2";
				TEST_TARGET_NAME = checkTools;
			};
			name = Release;
		};
/* End XCBuildConfiguration section */

/* Begin XCConfigurationList section */
		D354C91E296453D40025BCC8 /* Build configuration list for PBXProject "checkTools" */ = {
			isa = XCConfigurationList;
			buildConfigurations = (
				D354C94B296453D50025BCC8 /* Debug */,
				D354C94C296453D50025BCC8 /* Release */,
			);
			defaultConfigurationIsVisible = 0;
			defaultConfigurationName = Release;
		};
		D354C94D296453D50025BCC8 /* Build configuration list for PBXNativeTarget "checkTools" */ = {
			isa = XCConfigurationList;
			buildConfigurations = (
				D354C94E296453D50025BCC8 /* Debug */,
				D354C94F296453D50025BCC8 /* Release */,
			);
			defaultConfigurationIsVisible = 0;
			defaultConfigurationName = Release;
		};
		D354C950296453D50025BCC8 /* Build configuration list for PBXNativeTarget "checkToolsTests" */ = {
			isa = XCConfigurationList;
			buildConfigurations = (
				D354C951296453D50025BCC8 /* Debug */,
				D354C952296453D50025BCC8 /* Release */,
			);
			defaultConfigurationIsVisible = 0;
			defaultConfigurationName = Release;
		};
		D354C953296453D50025BCC8 /* Build configuration list for PBXNativeTarget "checkToolsUITests" */ = {
			isa = XCConfigurationList;
			buildConfigurations = (
				D354C954296453D50025BCC8 /* Debug */,
				D354C955296453D50025BCC8 /* Release */,
			);
			defaultConfigurationIsVisible = 0;
			defaultConfigurationName = Release;
		};
/* End XCConfigurationList section */
	};
	rootObject = D354C91B296453D40025BCC8 /* Project object */;
}
